
Microsoft Visual Studio Solution File, Format Version 12.00
# Visual Studio Version 16
VisualStudioVersion = 16.0.33130.400
MinimumVisualStudioVersion = 10.0.40219.1
Project("{9A19103F-16F7-4668-BE54-9A1E7A4F7556}") = "B_ControlFlow", "B_ControlFlow.csproj", "{0CFE16DF-4661-4587-8967-2F50F11B2A6E}"
EndProject
Project("{FAE04EC0-301F-11D3-BF4B-00C04F79EFBC}") = "C_ArraysCollection", "..\C_ArraysCollection\C_ArraysCollection.csproj", "{FEE4E51D-0D8B-498F-87BF-F205791EF25E}"
EndProject
Global
	GlobalSection(SolutionConfigurationPlatforms) = preSolution
		Debug|Any CPU = Debug|Any CPU
		Release|Any CPU = Release|Any CPU
	EndGlobalSection
	GlobalSection(ProjectConfigurationPlatforms) = postSolution
		{0CFE16DF-4661-4587-8967-2F50F11B2A6E}.Debug|Any CPU.ActiveCfg = Debug|Any CPU
		{0CFE16DF-4661-4587-8967-2F50F11B2A6E}.Debug|Any CPU.Build.0 = Debug|Any CPU
		{0CFE16DF-4661-4587-8967-2F50F11B2A6E}.Release|Any CPU.ActiveCfg = Release|Any CPU
		{0CFE16DF-4661-4587-8967-2F50F11B2A6E}.Release|Any CPU.Build.0 = Release|Any CPU
		{FEE4E51D-0D8B-498F-87BF-F205791EF25E}.Debug|Any CPU.ActiveCfg = Debug|Any CPU
		{FEE4E51D-0D8B-498F-87BF-F205791EF25E}.Debug|Any CPU.Build.0 = Debug|Any CPU
		{FEE4E51D-0D8B-498F-87BF-F205791EF25E}.Release|Any CPU.ActiveCfg = Release|Any CPU
		{FEE4E51D-0D8B-498F-87BF-F205791EF25E}.Release|Any CPU.Build.0 = Release|Any CPU
	EndGlobalSection
	GlobalSection(SolutionProperties) = preSolution
		HideSolutionNode = FALSE
	EndGlobalSection
	GlobalSection(ExtensibilityGlobals) = postSolution
		SolutionGuid = {F8C596DA-57F0-4401-848B-D50DE4017D0C}
	EndGlobalSection
EndGlobal
