
Microsoft Visual Studio Solution File, Format Version 12.00
# Visual Studio Version 16
VisualStudioVersion = 16.0.33130.400
MinimumVisualStudioVersion = 10.0.40219.1
Project("{9A19103F-16F7-4668-BE54-9A1E7A4F7556}") = "C_ArraysCollection", "C_ArraysCollection.csproj", "{EFC307FB-F13F-4E29-8ABF-CDE2B06FA81D}"
EndProject
Project("{FAE04EC0-301F-11D3-BF4B-00C04F79EFBC}") = "D_OOP", "..\D_OOP\D_OOP\D_OOP.csproj", "{0CB26C2F-365C-4032-B90A-6175B3D5AF45}"
EndProject
Global
	GlobalSection(SolutionConfigurationPlatforms) = preSolution
		Debug|Any CPU = Debug|Any CPU
		Release|Any CPU = Release|Any CPU
	EndGlobalSection
	GlobalSection(ProjectConfigurationPlatforms) = postSolution
		{EFC307FB-F13F-4E29-8ABF-CDE2B06FA81D}.Debug|Any CPU.ActiveCfg = Debug|Any CPU
		{EFC307FB-F13F-4E29-8ABF-CDE2B06FA81D}.Debug|Any CPU.Build.0 = Debug|Any CPU
		{EFC307FB-F13F-4E29-8ABF-CDE2B06FA81D}.Release|Any CPU.ActiveCfg = Release|Any CPU
		{EFC307FB-F13F-4E29-8ABF-CDE2B06FA81D}.Release|Any CPU.Build.0 = Release|Any CPU
		{0CB26C2F-365C-4032-B90A-6175B3D5AF45}.Debug|Any CPU.ActiveCfg = Debug|Any CPU
		{0CB26C2F-365C-4032-B90A-6175B3D5AF45}.Debug|Any CPU.Build.0 = Debug|Any CPU
		{0CB26C2F-365C-4032-B90A-6175B3D5AF45}.Release|Any CPU.ActiveCfg = Release|Any CPU
		{0CB26C2F-365C-4032-B90A-6175B3D5AF45}.Release|Any CPU.Build.0 = Release|Any CPU
	EndGlobalSection
	GlobalSection(SolutionProperties) = preSolution
		HideSolutionNode = FALSE
	EndGlobalSection
	GlobalSection(ExtensibilityGlobals) = postSolution
		SolutionGuid = {8835F5C3-C2FC-400C-B567-A8B419654915}
	EndGlobalSection
EndGlobal
